
Microsoft Visual Studio Solution File, Format Version 12.00
# Visual Studio Version 17
VisualStudioVersion = 17.9.34728.123
MinimumVisualStudioVersion = 10.0.40219.1
Project("{FAE04EC0-301F-11D3-BF4B-00C04F79EFBC}") = "ReactApp-ASP.NET.Server", "ReactApp-ASP.NET.Server\ReactApp-ASP.NET.Server.csproj", "{3333B2AF-C0FD-41A5-B65C-F9FC1C4194D0}"
EndProject
Project("{54A90642-561A-4BB1-A94E-469ADEE60C69}") = "reactapp-asp.net.client", "reactapp-asp.net.client\reactapp-asp.net.client.esproj", "{7AF2835D-1F6B-471B-9FFD-A41D46667D8A}"
EndProject
Global
	GlobalSection(SolutionConfigurationPlatforms) = preSolution
		Debug|Any CPU = Debug|Any CPU
		Release|Any CPU = Release|Any CPU
	EndGlobalSection
	GlobalSection(ProjectConfigurationPlatforms) = postSolution
		{3333B2AF-C0FD-41A5-B65C-F9FC1C4194D0}.Debug|Any CPU.ActiveCfg = Debug|Any CPU
		{3333B2AF-C0FD-41A5-B65C-F9FC1C4194D0}.Debug|Any CPU.Build.0 = Debug|Any CPU
		{3333B2AF-C0FD-41A5-B65C-F9FC1C4194D0}.Release|Any CPU.ActiveCfg = Release|Any CPU
		{3333B2AF-C0FD-41A5-B65C-F9FC1C4194D0}.Release|Any CPU.Build.0 = Release|Any CPU
		{7AF2835D-1F6B-471B-9FFD-A41D46667D8A}.Debug|Any CPU.ActiveCfg = Debug|Any CPU
		{7AF2835D-1F6B-471B-9FFD-A41D46667D8A}.Debug|Any CPU.Build.0 = Debug|Any CPU
		{7AF2835D-1F6B-471B-9FFD-A41D46667D8A}.Debug|Any CPU.Deploy.0 = Debug|Any CPU
		{7AF2835D-1F6B-471B-9FFD-A41D46667D8A}.Release|Any CPU.ActiveCfg = Release|Any CPU
		{7AF2835D-1F6B-471B-9FFD-A41D46667D8A}.Release|Any CPU.Build.0 = Release|Any CPU
		{7AF2835D-1F6B-471B-9FFD-A41D46667D8A}.Release|Any CPU.Deploy.0 = Release|Any CPU
	EndGlobalSection
	GlobalSection(SolutionProperties) = preSolution
		HideSolutionNode = FALSE
	EndGlobalSection
	GlobalSection(ExtensibilityGlobals) = postSolution
		SolutionGuid = {D82B71AA-EE1D-43F4-8280-5CE82F19492B}
	EndGlobalSection
EndGlobal
